
Microsoft Visual Studio Solution File, Format Version 12.00
# Visual Studio Version 16
VisualStudioVersion = 16.0.29905.134
MinimumVisualStudioVersion = 10.0.40219.1
Project("{FAE04EC0-301F-11D3-BF4B-00C04F79EFBC}") = "Istanbul", "Istanbul\Istanbul.csproj", "{0B671B09-F380-4DD9-99D8-810ADA905658}"
EndProject
Global
	GlobalSection(SolutionConfigurationPlatforms) = preSolution
		Debug|Any CPU = Debug|Any CPU
		Release|Any CPU = Release|Any CPU
	EndGlobalSection
	GlobalSection(ProjectConfigurationPlatforms) = postSolution
		{0B671B09-F380-4DD9-99D8-810ADA905658}.Debug|Any CPU.ActiveCfg = Debug|Any CPU
		{0B671B09-F380-4DD9-99D8-810ADA905658}.Debug|Any CPU.Build.0 = Debug|Any CPU
		{0B671B09-F380-4DD9-99D8-810ADA905658}.Release|Any CPU.ActiveCfg = Release|Any CPU
		{0B671B09-F380-4DD9-99D8-810ADA905658}.Release|Any CPU.Build.0 = Release|Any CPU
	EndGlobalSection
	GlobalSection(SolutionProperties) = preSolution
		HideSolutionNode = FALSE
	EndGlobalSection
	GlobalSection(ExtensibilityGlobals) = postSolution
		SolutionGuid = {CFFFC44F-AF25-49DD-B273-C32F9D9EF6A5}
	EndGlobalSection
EndGlobal
